# THIS IS AN AUTOGENERATED FILE. DO NOT EDIT THIS FILE DIRECTLY.
# yarn lockfile v1


color-diff@~0.1.1:
  version "0.1.7"
  resolved "https://registry.yarnpkg.com/color-diff/-/color-diff-0.1.7.tgz#6db78cd9482a8e459d40821eaf4b503283dcb8e2"

typo@^0.2.11:
  version "0.2.11"
  resolved "https://registry.yarnpkg.com/typo/-/typo-0.2.11.tgz#0dd6cafa8d807efcaa325716b8c84f0ef5078d4e"
  dependencies:
    color-diff "~0.1.1"
